
Microsoft Visual Studio Solution File, Format Version 12.00
# Visual Studio Version 16
VisualStudioVersion = 16.0.30907.101
MinimumVisualStudioVersion = 10.0.40219.1
Project("{FAE04EC0-301F-11D3-BF4B-00C04F79EFBC}") = "LV4", "LV4.csproj", "{166BCBCE-EA0A-4CD0-9C63-7664DA76915D}"
EndProject
Global
	GlobalSection(SolutionConfigurationPlatforms) = preSolution
		Debug|Any CPU = Debug|Any CPU
		Release|Any CPU = Release|Any CPU
	EndGlobalSection
	GlobalSection(ProjectConfigurationPlatforms) = postSolution
		{166BCBCE-EA0A-4CD0-9C63-7664DA76915D}.Debug|Any CPU.ActiveCfg = Debug|Any CPU
		{166BCBCE-EA0A-4CD0-9C63-7664DA76915D}.Debug|Any CPU.Build.0 = Debug|Any CPU
		{166BCBCE-EA0A-4CD0-9C63-7664DA76915D}.Release|Any CPU.ActiveCfg = Release|Any CPU
		{166BCBCE-EA0A-4CD0-9C63-7664DA76915D}.Release|Any CPU.Build.0 = Release|Any CPU
	EndGlobalSection
	GlobalSection(SolutionProperties) = preSolution
		HideSolutionNode = FALSE
	EndGlobalSection
	GlobalSection(ExtensibilityGlobals) = postSolution
		SolutionGuid = {5D6AB8F8-DB0D-480C-BB86-C0980F3BAEA2}
	EndGlobalSection
EndGlobal
